{
	"name": "@threebow/axis-frontend-utils",
	"version": "1.7.0",
	"lockfileVersion": 1,
	"requires": true,
	"dependencies": {
		"animate.css": {
			"version": "4.1.1",
			"resolved": "https://registry.npmjs.org/animate.css/-/animate.css-4.1.1.tgz",
			"integrity": "sha512-+mRmCTv6SbCmtYJCN4faJMNFVNN5EuCTTprDTAo7YzIGji2KADmakjVA3+8mVDkZ2Bf09vayB35lSQIex2+QaQ=="
		},
		"axios": {
			"version": "0.21.1",
			"resolved": "https://registry.npmjs.org/axios/-/axios-0.21.1.tgz",
			"integrity": "sha512-dKQiRHxGD9PPRIUNIWvZhPTPpl1rf/OxTYKsqKUDjBwYylTvV7SjSHJb9ratfyzM6wCdLCOYLzs73qpg5c4iGA==",
			"requires": {
				"follow-redirects": "^1.10.0"
			}
		},
		"bulma": {
			"version": "0.9.1",
			"resolved": "https://registry.npmjs.org/bulma/-/bulma-0.9.1.tgz",
			"integrity": "sha512-LSF69OumXg2HSKl2+rN0/OEXJy7WFEb681wtBlNS/ulJYR27J3rORHibdXZ6GVb/vyUzzYK/Arjyh56wjbFedA=="
		},
		"bulma-toast": {
			"version": "2.2.0",
			"resolved": "https://registry.npmjs.org/bulma-toast/-/bulma-toast-2.2.0.tgz",
			"integrity": "sha512-vByq7Vo13ATS2/pjNeiX8zPQ86EnaGBqKYRwxM0gGiycJwleqoqHXDE6DxKEmULJzw7MQzHsgs7uz8o1FaTiGg=="
		},
		"codemirror": {
			"version": "5.59.1",
			"resolved": "https://registry.npmjs.org/codemirror/-/codemirror-5.59.1.tgz",
			"integrity": "sha512-d0SSW/PCCD4LoSCBPdnP0BzmZB1v3emomCUtVlIWgZHJ06yVeBOvBtOH7vYz707pfAvEeWbO9aP6akh8vl1V3w=="
		},
		"codemirror-spell-checker": {
			"version": "1.1.2",
			"resolved": "https://registry.npmjs.org/codemirror-spell-checker/-/codemirror-spell-checker-1.1.2.tgz",
			"integrity": "sha1-HGYPkIlIPMtRE7m6nKGcP0mTNx4=",
			"requires": {
				"typo-js": "*"
			}
		},
		"dompurify": {
			"version": "2.2.6",
			"resolved": "https://registry.npmjs.org/dompurify/-/dompurify-2.2.6.tgz",
			"integrity": "sha512-7b7ZArhhH0SP6W2R9cqK6RjaU82FZ2UPM7RO8qN1b1wyvC/NY1FNWcX1Pu00fFOAnzEORtwXe4bPaClg6pUybQ=="
		},
		"follow-redirects": {
			"version": "1.13.1",
			"resolved": "https://registry.npmjs.org/follow-redirects/-/follow-redirects-1.13.1.tgz",
			"integrity": "sha512-SSG5xmZh1mkPGyKzjZP8zLjltIfpW32Y5QpdNJyjcfGxK3qo3NDDkZOZSFiGn1A6SclQxY9GzEwAHQ3dmYRWpg=="
		},
		"marked": {
			"version": "1.2.7",
			"resolved": "https://registry.npmjs.org/marked/-/marked-1.2.7.tgz",
			"integrity": "sha512-No11hFYcXr/zkBvL6qFmAp1z6BKY3zqLMHny/JN/ey+al7qwCM2+CMBL9BOgqMxZU36fz4cCWfn2poWIf7QRXA=="
		},
		"simplemde": {
			"version": "1.11.2",
			"resolved": "https://registry.npmjs.org/simplemde/-/simplemde-1.11.2.tgz",
			"integrity": "sha1-ojo12XjSxA7wfewAjJLwcNjggOM=",
			"requires": {
				"codemirror": "*",
				"codemirror-spell-checker": "*",
				"marked": "*"
			}
		},
		"sortablejs": {
			"version": "1.13.0",
			"resolved": "https://registry.npmjs.org/sortablejs/-/sortablejs-1.13.0.tgz",
			"integrity": "sha512-RBJirPY0spWCrU5yCmWM1eFs/XgX2J5c6b275/YyxFRgnzPhKl/TDeU2hNR8Dt7ITq66NRPM4UlOt+e5O4CFHg=="
		},
		"typo-js": {
			"version": "1.2.0",
			"resolved": "https://registry.npmjs.org/typo-js/-/typo-js-1.2.0.tgz",
			"integrity": "sha512-dELuLBVa2jvWdU/CHTKi2L/POYaRupv942k+vRsFXsM17acXesQGAiGCio82RW7fvcr7bkuD/Zj8XpUh6aPC2A=="
		},
		"vue-observe-visibility": {
			"version": "1.0.0",
			"resolved": "https://registry.npmjs.org/vue-observe-visibility/-/vue-observe-visibility-1.0.0.tgz",
			"integrity": "sha512-s5TFh3s3h3Mhd3jaz3zGzkVHKHnc/0C/gNr30olO99+yw2hl3WBhK3ng3/f9OF+qkW4+l7GkmwfAzDAcY3lCFg=="
		}
	}
}
